
Microsoft Visual Studio Solution File, Format Version 12.00
# Visual Studio Version 16
VisualStudioVersion = 16.0.29021.104
MinimumVisualStudioVersion = 10.0.40219.1
Project("{9A19103F-16F7-4668-BE54-9A1E7A4F7556}") = "IK.Core.Extensions.Sql", "IK.Core.Extensions.Sql.csproj", "{DB534D00-9E72-406B-ACEE-51FB0FEFE873}"
EndProject
Global
	GlobalSection(SolutionConfigurationPlatforms) = preSolution
		Debug|Any CPU = Debug|Any CPU
		Release|Any CPU = Release|Any CPU
	EndGlobalSection
	GlobalSection(ProjectConfigurationPlatforms) = postSolution
		{DB534D00-9E72-406B-ACEE-51FB0FEFE873}.Debug|Any CPU.ActiveCfg = Debug|Any CPU
		{DB534D00-9E72-406B-ACEE-51FB0FEFE873}.Debug|Any CPU.Build.0 = Debug|Any CPU
		{DB534D00-9E72-406B-ACEE-51FB0FEFE873}.Release|Any CPU.ActiveCfg = Release|Any CPU
		{DB534D00-9E72-406B-ACEE-51FB0FEFE873}.Release|Any CPU.Build.0 = Release|Any CPU
	EndGlobalSection
	GlobalSection(SolutionProperties) = preSolution
		HideSolutionNode = FALSE
	EndGlobalSection
	GlobalSection(ExtensibilityGlobals) = postSolution
		SolutionGuid = {6DF72FEA-8ABC-497C-A7B3-08F18D32A6A0}
	EndGlobalSection
EndGlobal
